// !$*UTF8*$!
{
	archiveVersion = 1;
	classes = {
	};
	objectVersion = 77;
	objects = {

/* Begin PBXContainerItemProxy section */
		2D9ECB342CAAC45C0048AD04 /* PBXContainerItemProxy */ = {
			isa = PBXContainerItemProxy;
			containerPortal = 2D9ECB1B2CAAC45B0048AD04 /* Project object */;
			proxyType = 1;
			remoteGlobalIDString = 2D9ECB222CAAC45B0048AD04;
			remoteInfo = "UCI World Championship";
		};
		2D9ECB3E2CAAC45C0048AD04 /* PBXContainerItemProxy */ = {
			isa = PBXContainerItemProxy;
			containerPortal = 2D9ECB1B2CAAC45B0048AD04 /* Project object */;
			proxyType = 1;
			remoteGlobalIDString = 2D9ECB222CAAC45B0048AD04;
			remoteInfo = "UCI World Championship";
		};
/* End PBXContainerItemProxy section */

/* Begin PBXFileReference section */
		2D9ECB232CAAC45B0048AD04 /* UCI World Championship.app */ = {isa = PBXFileReference; explicitFileType = wrapper.application; includeInIndex = 0; path = "UCI World Championship.app"; sourceTree = BUILT_PRODUCTS_DIR; };
		2D9ECB332CAAC45C0048AD04 /* UCI World ChampionshipTests.xctest */ = {isa = PBXFileReference; explicitFileType = wrapper.cfbundle; includeInIndex = 0; path = "UCI World ChampionshipTests.xctest"; sourceTree = BUILT_PRODUCTS_DIR; };
		2D9ECB3D2CAAC45C0048AD04 /* UCI World ChampionshipUITests.xctest */ = {isa = PBXFileReference; explicitFileType = wrapper.cfbundle; includeInIndex = 0; path = "UCI World ChampionshipUITests.xctest"; sourceTree = BUILT_PRODUCTS_DIR; };
/* End PBXFileReference section */

/* Begin PBXFileSystemSynchronizedRootGroup section */
		2D9ECB252CAAC45B0048AD04 /* UCI World Championship */ = {
			isa = PBXFileSystemSynchronizedRootGroup;
			path = "UCI World Championship";
			sourceTree = "<group>";
		};
		2D9ECB362CAAC45C0048AD04 /* UCI World ChampionshipTests */ = {
			isa = PBXFileSystemSynchronizedRootGroup;
			path = "UCI World ChampionshipTests";
			sourceTree = "<group>";
		};
		2D9ECB402CAAC45C0048AD04 /* UCI World ChampionshipUITests */ = {
			isa = PBXFileSystemSynchronizedRootGroup;
			path = "UCI World ChampionshipUITests";
			sourceTree = "<group>";
		};
/* End PBXFileSystemSynchronizedRootGroup section */

/* Begin PBXFrameworksBuildPhase section */
		2D9ECB202CAAC45B0048AD04 /* Frameworks */ = {
			isa = PBXFrameworksBuildPhase;
			buildActionMask = 2147483647;
			files = (
			);
			runOnlyForDeploymentPostprocessing = 0;
		};
		2D9ECB302CAAC45C0048AD04 /* Frameworks */ = {
			isa = PBXFrameworksBuildPhase;
			buildActionMask = 2147483647;
			files = (
			);
			runOnlyForDeploymentPostprocessing = 0;
		};
		2D9ECB3A2CAAC45C0048AD04 /* Frameworks */ = {
			isa = PBXFrameworksBuildPhase;
			buildActionMask = 2147483647;
			files = (
			);
			runOnlyForDeploymentPostprocessing = 0;
		};
/* End PBXFrameworksBuildPhase section */

/* Begin PBXGroup section */
		2D9ECB1A2CAAC45B0048AD04 = {
			isa = PBXGroup;
			children = (
				2D9ECB252CAAC45B0048AD04 /* UCI World Championship */,
				2D9ECB362CAAC45C0048AD04 /* UCI World ChampionshipTests */,
				2D9ECB402CAAC45C0048AD04 /* UCI World ChampionshipUITests */,
				2D9ECB242CAAC45B0048AD04 /* Products */,
			);
			sourceTree = "<group>";
		};
		2D9ECB242CAAC45B0048AD04 /* Products */ = {
			isa = PBXGroup;
			children = (
				2D9ECB232CAAC45B0048AD04 /* UCI World Championship.app */,
				2D9ECB332CAAC45C0048AD04 /* UCI World ChampionshipTests.xctest */,
				2D9ECB3D2CAAC45C0048AD04 /* UCI World ChampionshipUITests.xctest */,
			);
			name = Products;
			sourceTree = "<group>";
		};
/* End PBXGroup section */

/* Begin PBXNativeTarget section */
		2D9ECB222CAAC45B0048AD04 /* UCI World Championship */ = {
			isa = PBXNativeTarget;
			buildConfigurationList = 2D9ECB472CAAC45C0048AD04 /* Build configuration list for PBXNativeTarget "UCI World Championship" */;
			buildPhases = (
				2D9ECB1F2CAAC45B0048AD04 /* Sources */,
				2D9ECB202CAAC45B0048AD04 /* Frameworks */,
				2D9ECB212CAAC45B0048AD04 /* Resources */,
			);
			buildRules = (
			);
			dependencies = (
			);
			fileSystemSynchronizedGroups = (
				2D9ECB252CAAC45B0048AD04 /* UCI World Championship */,
			);
			name = "UCI World Championship";
			packageProductDependencies = (
			);
			productName = "UCI World Championship";
			productReference = 2D9ECB232CAAC45B0048AD04 /* UCI World Championship.app */;
			productType = "com.apple.product-type.application";
		};
		2D9ECB322CAAC45C0048AD04 /* UCI World ChampionshipTests */ = {
			isa = PBXNativeTarget;
			buildConfigurationList = 2D9ECB4A2CAAC45C0048AD04 /* Build configuration list for PBXNativeTarget "UCI World ChampionshipTests" */;
			buildPhases = (
				2D9ECB2F2CAAC45C0048AD04 /* Sources */,
				2D9ECB302CAAC45C0048AD04 /* Frameworks */,
				2D9ECB312CAAC45C0048AD04 /* Resources */,
			);
			buildRules = (
			);
			dependencies = (
				2D9ECB352CAAC45C0048AD04 /* PBXTargetDependency */,
			);
			fileSystemSynchronizedGroups = (
				2D9ECB362CAAC45C0048AD04 /* UCI World ChampionshipTests */,
			);
			name = "UCI World ChampionshipTests";
			packageProductDependencies = (
			);
			productName = "UCI World ChampionshipTests";
			productReference = 2D9ECB332CAAC45C0048AD04 /* UCI World ChampionshipTests.xctest */;
			productType = "com.apple.product-type.bundle.unit-test";
		};
		2D9ECB3C2CAAC45C0048AD04 /* UCI World ChampionshipUITests */ = {
			isa = PBXNativeTarget;
			buildConfigurationList = 2D9ECB4D2CAAC45C0048AD04 /* Build configuration list for PBXNativeTarget "UCI World ChampionshipUITests" */;
			buildPhases = (
				2D9ECB392CAAC45C0048AD04 /* Sources */,
				2D9ECB3A2CAAC45C0048AD04 /* Frameworks */,
				2D9ECB3B2CAAC45C0048AD04 /* Resources */,
			);
			buildRules = (
			);
			dependencies = (
				2D9ECB3F2CAAC45C0048AD04 /* PBXTargetDependency */,
			);
			fileSystemSynchronizedGroups = (
				2D9ECB402CAAC45C0048AD04 /* UCI World ChampionshipUITests */,
			);
			name = "UCI World ChampionshipUITests";
			packageProductDependencies = (
			);
			productName = "UCI World ChampionshipUITests";
			productReference = 2D9ECB3D2CAAC45C0048AD04 /* UCI World ChampionshipUITests.xctest */;
			productType = "com.apple.product-type.bundle.ui-testing";
		};
/* End PBXNativeTarget section */

/* Begin PBXProject section */
		2D9ECB1B2CAAC45B0048AD04 /* Project object */ = {
			isa = PBXProject;
			attributes = {
				BuildIndependentTargetsInParallel = 1;
				LastSwiftUpdateCheck = 1600;
				LastUpgradeCheck = 1600;
				TargetAttributes = {
					2D9ECB222CAAC45B0048AD04 = {
						CreatedOnToolsVersion = 16.0;
					};
					2D9ECB322CAAC45C0048AD04 = {
						CreatedOnToolsVersion = 16.0;
						TestTargetID = 2D9ECB222CAAC45B0048AD04;
					};
					2D9ECB3C2CAAC45C0048AD04 = {
						CreatedOnToolsVersion = 16.0;
						TestTargetID = 2D9ECB222CAAC45B0048AD04;
					};
				};
			};
			buildConfigurationList = 2D9ECB1E2CAAC45B0048AD04 /* Build configuration list for PBXProject "UCI World Championship" */;
			developmentRegion = en;
			hasScannedForEncodings = 0;
			knownRegions = (
				en,
				Base,
			);
			mainGroup = 2D9ECB1A2CAAC45B0048AD04;
			minimizedProjectReferenceProxies = 1;
			preferredProjectObjectVersion = 77;
			productRefGroup = 2D9ECB242CAAC45B0048AD04 /* Products */;
			projectDirPath = "";
			projectRoot = "";
			targets = (
				2D9ECB222CAAC45B0048AD04 /* UCI World Championship */,
				2D9ECB322CAAC45C0048AD04 /* UCI World ChampionshipTests */,
				2D9ECB3C2CAAC45C0048AD04 /* UCI World ChampionshipUITests */,
			);
		};
/* End PBXProject section */

/* Begin PBXResourcesBuildPhase section */
		2D9ECB212CAAC45B0048AD04 /* Resources */ = {
			isa = PBXResourcesBuildPhase;
			buildActionMask = 2147483647;
			files = (
			);
			runOnlyForDeploymentPostprocessing = 0;
		};
		2D9ECB312CAAC45C0048AD04 /* Resources */ = {
			isa = PBXResourcesBuildPhase;
			buildActionMask = 2147483647;
			files = (
			);
			runOnlyForDeploymentPostprocessing = 0;
		};
		2D9ECB3B2CAAC45C0048AD04 /* Resources */ = {
			isa = PBXResourcesBuildPhase;
			buildActionMask = 2147483647;
			files = (
			);
			runOnlyForDeploymentPostprocessing = 0;
		};
/* End PBXResourcesBuildPhase section */

/* Begin PBXSourcesBuildPhase section */
		2D9ECB1F2CAAC45B0048AD04 /* Sources */ = {
			isa = PBXSourcesBuildPhase;
			buildActionMask = 2147483647;
			files = (
			);
			runOnlyForDeploymentPostprocessing = 0;
		};
		2D9ECB2F2CAAC45C0048AD04 /* Sources */ = {
			isa = PBXSourcesBuildPhase;
			buildActionMask = 2147483647;
			files = (
			);
			runOnlyForDeploymentPostprocessing = 0;
		};
		2D9ECB392CAAC45C0048AD04 /* Sources */ = {
			isa = PBXSourcesBuildPhase;
			buildActionMask = 2147483647;
			files = (
			);
			runOnlyForDeploymentPostprocessing = 0;
		};
/* End PBXSourcesBuildPhase section */

/* Begin PBXTargetDependency section */
		2D9ECB352CAAC45C0048AD04 /* PBXTargetDependency */ = {
			isa = PBXTargetDependency;
			target = 2D9ECB222CAAC45B0048AD04 /* UCI World Championship */;
			targetProxy = 2D9ECB342CAAC45C0048AD04 /* PBXContainerItemProxy */;
		};
		2D9ECB3F2CAAC45C0048AD04 /* PBXTargetDependency */ = {
			isa = PBXTargetDependency;
			target = 2D9ECB222CAAC45B0048AD04 /* UCI World Championship */;
			targetProxy = 2D9ECB3E2CAAC45C0048AD04 /* PBXContainerItemProxy */;
		};
/* End PBXTargetDependency section */

/* Begin XCBuildConfiguration section */
		2D9ECB452CAAC45C0048AD04 /* Debug */ = {
			isa = XCBuildConfiguration;
			buildSettings = {
				ALWAYS_SEARCH_USER_PATHS = NO;
				ASSETCATALOG_COMPILER_GENERATE_SWIFT_ASSET_SYMBOL_EXTENSIONS = YES;
				CLANG_ANALYZER_NONNULL = YES;
				CLANG_ANALYZER_NUMBER_OBJECT_CONVERSION = YES_AGGRESSIVE;
				CLANG_CXX_LANGUAGE_STANDARD = "gnu++20";
				CLANG_ENABLE_MODULES = YES;
				CLANG_ENABLE_OBJC_ARC = YES;
				CLANG_ENABLE_OBJC_WEAK = YES;
				CLANG_WARN_BLOCK_CAPTURE_AUTORELEASING = YES;
				CLANG_WARN_BOOL_CONVERSION = YES;
				CLANG_WARN_COMMA = YES;
				CLANG_WARN_CONSTANT_CONVERSION = YES;
				CLANG_WARN_DEPRECATED_OBJC_IMPLEMENTATIONS = YES;
				CLANG_WARN_DIRECT_OBJC_ISA_USAGE = YES_ERROR;
				CLANG_WARN_DOCUMENTATION_COMMENTS = YES;
				CLANG_WARN_EMPTY_BODY = YES;
				CLANG_WARN_ENUM_CONVERSION = YES;
				CLANG_WARN_INFINITE_RECURSION = YES;
				CLANG_WARN_INT_CONVERSION = YES;
				CLANG_WARN_NON_LITERAL_NULL_CONVERSION = YES;
				CLANG_WARN_OBJC_IMPLICIT_RETAIN_SELF = YES;
				CLANG_WARN_OBJC_LITERAL_CONVERSION = YES;
				CLANG_WARN_OBJC_ROOT_CLASS = YES_ERROR;
				CLANG_WARN_QUOTED_INCLUDE_IN_FRAMEWORK_HEADER = YES;
				CLANG_WARN_RANGE_LOOP_ANALYSIS = YES;
				CLANG_WARN_STRICT_PROTOTYPES = YES;
				CLANG_WARN_SUSPICIOUS_MOVE = YES;
				CLANG_WARN_UNGUARDED_AVAILABILITY = YES_AGGRESSIVE;
				CLANG_WARN_UNREACHABLE_CODE = YES;
				CLANG_WARN__DUPLICATE_METHOD_MATCH = YES;
				COPY_PHASE_STRIP = NO;
				DEBUG_INFORMATION_FORMAT = dwarf;
				ENABLE_STRICT_OBJC_MSGSEND = YES;
				ENABLE_TESTABILITY = YES;
				ENABLE_USER_SCRIPT_SANDBOXING = YES;
				GCC_C_LANGUAGE_STANDARD = gnu17;
				GCC_DYNAMIC_NO_PIC = NO;
				GCC_NO_COMMON_BLOCKS = YES;
				GCC_OPTIMIZATION_LEVEL = 0;
				GCC_PREPROCESSOR_DEFINITIONS = (
					"DEBUG=1",
					"$(inherited)",
				);
				GCC_WARN_64_TO_32_BIT_CONVERSION = YES;
				GCC_WARN_ABOUT_RETURN_TYPE = YES_ERROR;
				GCC_WARN_UNDECLARED_SELECTOR = YES;
				GCC_WARN_UNINITIALIZED_AUTOS = YES_AGGRESSIVE;
				GCC_WARN_UNUSED_FUNCTION = YES;
				GCC_WARN_UNUSED_VARIABLE = YES;
				IPHONEOS_DEPLOYMENT_TARGET = 18.0;
				LOCALIZATION_PREFERS_STRING_CATALOGS = YES;
				MTL_ENABLE_DEBUG_INFO = INCLUDE_SOURCE;
				MTL_FAST_MATH = YES;
				ONLY_ACTIVE_ARCH = YES;
				SDKROOT = iphoneos;
				SWIFT_ACTIVE_COMPILATION_CONDITIONS = "DEBUG $(inherited)";
				SWIFT_OPTIMIZATION_LEVEL = "-Onone";
			};
			name = Debug;
		};
		2D9ECB462CAAC45C0048AD04 /* Release */ = {
			isa = XCBuildConfiguration;
			buildSettings = {
				ALWAYS_SEARCH_USER_PATHS = NO;
				ASSETCATALOG_COMPILER_GENERATE_SWIFT_ASSET_SYMBOL_EXTENSIONS = YES;
				CLANG_ANALYZER_NONNULL = YES;
				CLANG_ANALYZER_NUMBER_OBJECT_CONVERSION = YES_AGGRESSIVE;
				CLANG_CXX_LANGUAGE_STANDARD = "gnu++20";
				CLANG_ENABLE_MODULES = YES;
				CLANG_ENABLE_OBJC_ARC = YES;
				CLANG_ENABLE_OBJC_WEAK = YES;
				CLANG_WARN_BLOCK_CAPTURE_AUTORELEASING = YES;
				CLANG_WARN_BOOL_CONVERSION = YES;
				CLANG_WARN_COMMA = YES;
				CLANG_WARN_CONSTANT_CONVERSION = YES;
				CLANG_WARN_DEPRECATED_OBJC_IMPLEMENTATIONS = YES;
				CLANG_WARN_DIRECT_OBJC_ISA_USAGE = YES_ERROR;
				CLANG_WARN_DOCUMENTATION_COMMENTS = YES;
				CLANG_WARN_EMPTY_BODY = YES;
				CLANG_WARN_ENUM_CONVERSION = YES;
				CLANG_WARN_INFINITE_RECURSION = YES;
				CLANG_WARN_INT_CONVERSION = YES;
				CLANG_WARN_NON_LITERAL_NULL_CONVERSION = YES;
				CLANG_WARN_OBJC_IMPLICIT_RETAIN_SELF = YES;
				CLANG_WARN_OBJC_LITERAL_CONVERSION = YES;
				CLANG_WARN_OBJC_ROOT_CLASS = YES_ERROR;
				CLANG_WARN_QUOTED_INCLUDE_IN_FRAMEWORK_HEADER = YES;
				CLANG_WARN_RANGE_LOOP_ANALYSIS = YES;
				CLANG_WARN_STRICT_PROTOTYPES = YES;
				CLANG_WARN_SUSPICIOUS_MOVE = YES;
				CLANG_WARN_UNGUARDED_AVAILABILITY = YES_AGGRESSIVE;
				CLANG_WARN_UNREACHABLE_CODE = YES;
				CLANG_WARN__DUPLICATE_METHOD_MATCH = YES;
				COPY_PHASE_STRIP = NO;
				DEBUG_INFORMATION_FORMAT = "dwarf-with-dsym";
				ENABLE_NS_ASSERTIONS = NO;
				ENABLE_STRICT_OBJC_MSGSEND = YES;
				ENABLE_USER_SCRIPT_SANDBOXING = YES;
				GCC_C_LANGUAGE_STANDARD = gnu17;
				GCC_NO_COMMON_BLOCKS = YES;
				GCC_WARN_64_TO_32_BIT_CONVERSION = YES;
				GCC_WARN_ABOUT_RETURN_TYPE = YES_ERROR;
				GCC_WARN_UNDECLARED_SELECTOR = YES;
				GCC_WARN_UNINITIALIZED_AUTOS = YES_AGGRESSIVE;
				GCC_WARN_UNUSED_FUNCTION = YES;
				GCC_WARN_UNUSED_VARIABLE = YES;
				IPHONEOS_DEPLOYMENT_TARGET = 18.0;
				LOCALIZATION_PREFERS_STRING_CATALOGS = YES;
				MTL_ENABLE_DEBUG_INFO = NO;
				MTL_FAST_MATH = YES;
				SDKROOT = iphoneos;
				SWIFT_COMPILATION_MODE = wholemodule;
				VALIDATE_PRODUCT = YES;
			};
			name = Release;
		};
		2D9ECB482CAAC45C0048AD04 /* Debug */ = {
			isa = XCBuildConfiguration;
			buildSettings = {
				ASSETCATALOG_COMPILER_APPICON_NAME = AppIcon;
				ASSETCATALOG_COMPILER_GLOBAL_ACCENT_COLOR_NAME = AccentColor;
				CODE_SIGN_STYLE = Automatic;
				CURRENT_PROJECT_VERSION = 1;
				DEVELOPMENT_ASSET_PATHS = "\"UCI World Championship/Preview Content\"";
				ENABLE_PREVIEWS = YES;
				GENERATE_INFOPLIST_FILE = YES;
				INFOPLIST_FILE = "UCI-World-Championship-Info.plist";
				INFOPLIST_KEY_UIApplicationSceneManifest_Generation = YES;
				INFOPLIST_KEY_UIApplicationSupportsIndirectInputEvents = YES;
				INFOPLIST_KEY_UILaunchScreen_Generation = YES;
				INFOPLIST_KEY_UISupportedInterfaceOrientations_iPad = "UIInterfaceOrientationPortrait UIInterfaceOrientationPortraitUpsideDown UIInterfaceOrientationLandscapeLeft UIInterfaceOrientationLandscapeRight";
				INFOPLIST_KEY_UISupportedInterfaceOrientations_iPhone = "UIInterfaceOrientationPortrait UIInterfaceOrientationLandscapeLeft UIInterfaceOrientationLandscapeRight";
				LD_RUNPATH_SEARCH_PATHS = (
					"$(inherited)",
					"@executable_path/Frameworks",
				);
				MARKETING_VERSION = 1.0;
				PRODUCT_BUNDLE_IDENTIFIER = "com.han.UCI-World-Championship";
				PRODUCT_NAME = "$(TARGET_NAME)";
				SWIFT_EMIT_LOC_STRINGS = YES;
				SWIFT_VERSION = 5.0;
				TARGETED_DEVICE_FAMILY = "1,2";
			};
			name = Debug;
		};
		2D9ECB492CAAC45C0048AD04 /* Release */ = {
			isa = XCBuildConfiguration;
			buildSettings = {
				ASSETCATALOG_COMPILER_APPICON_NAME = AppIcon;
				ASSETCATALOG_COMPILER_GLOBAL_ACCENT_COLOR_NAME = AccentColor;
				CODE_SIGN_STYLE = Automatic;
				CURRENT_PROJECT_VERSION = 1;
				DEVELOPMENT_ASSET_PATHS = "\"UCI World Championship/Preview Content\"";
				ENABLE_PREVIEWS = YES;
				GENERATE_INFOPLIST_FILE = YES;
				INFOPLIST_FILE = "UCI-World-Championship-Info.plist";
				INFOPLIST_KEY_UIApplicationSceneManifest_Generation = YES;
				INFOPLIST_KEY_UIApplicationSupportsIndirectInputEvents = YES;
				INFOPLIST_KEY_UILaunchScreen_Generation = YES;
				INFOPLIST_KEY_UISupportedInterfaceOrientations_iPad = "UIInterfaceOrientationPortrait UIInterfaceOrientationPortraitUpsideDown UIInterfaceOrientationLandscapeLeft UIInterfaceOrientationLandscapeRight";
				INFOPLIST_KEY_UISupportedInterfaceOrientations_iPhone = "UIInterfaceOrientationPortrait UIInterfaceOrientationLandscapeLeft UIInterfaceOrientationLandscapeRight";
				LD_RUNPATH_SEARCH_PATHS = (
					"$(inherited)",
					"@executable_path/Frameworks",
				);
				MARKETING_VERSION = 1.0;
				PRODUCT_BUNDLE_IDENTIFIER = "com.han.UCI-World-Championship";
				PRODUCT_NAME = "$(TARGET_NAME)";
				SWIFT_EMIT_LOC_STRINGS = YES;
				SWIFT_VERSION = 5.0;
				TARGETED_DEVICE_FAMILY = "1,2";
			};
			name = Release;
		};
		2D9ECB4B2CAAC45C0048AD04 /* Debug */ = {
			isa = XCBuildConfiguration;
			buildSettings = {
				BUNDLE_LOADER = "$(TEST_HOST)";
				CODE_SIGN_STYLE = Automatic;
				CURRENT_PROJECT_VERSION = 1;
				GENERATE_INFOPLIST_FILE = YES;
				IPHONEOS_DEPLOYMENT_TARGET = 18.0;
				MARKETING_VERSION = 1.0;
				PRODUCT_BUNDLE_IDENTIFIER = "com.han.UCI-World-ChampionshipTests";
				PRODUCT_NAME = "$(TARGET_NAME)";
				SWIFT_EMIT_LOC_STRINGS = NO;
				SWIFT_VERSION = 5.0;
				TARGETED_DEVICE_FAMILY = "1,2";
				TEST_HOST = "$(BUILT_PRODUCTS_DIR)/UCI World Championship.app/$(BUNDLE_EXECUTABLE_FOLDER_PATH)/UCI World Championship";
			};
			name = Debug;
		};
		2D9ECB4C2CAAC45C0048AD04 /* Release */ = {
			isa = XCBuildConfiguration;
			buildSettings = {
				BUNDLE_LOADER = "$(TEST_HOST)";
				CODE_SIGN_STYLE = Automatic;
				CURRENT_PROJECT_VERSION = 1;
				GENERATE_INFOPLIST_FILE = YES;
				IPHONEOS_DEPLOYMENT_TARGET = 18.0;
				MARKETING_VERSION = 1.0;
				PRODUCT_BUNDLE_IDENTIFIER = "com.han.UCI-World-ChampionshipTests";
				PRODUCT_NAME = "$(TARGET_NAME)";
				SWIFT_EMIT_LOC_STRINGS = NO;
				SWIFT_VERSION = 5.0;
				TARGETED_DEVICE_FAMILY = "1,2";
				TEST_HOST = "$(BUILT_PRODUCTS_DIR)/UCI World Championship.app/$(BUNDLE_EXECUTABLE_FOLDER_PATH)/UCI World Championship";
			};
			name = Release;
		};
		2D9ECB4E2CAAC45C0048AD04 /* Debug */ = {
			isa = XCBuildConfiguration;
			buildSettings = {
				CODE_SIGN_STYLE = Automatic;
				CURRENT_PROJECT_VERSION = 1;
				GENERATE_INFOPLIST_FILE = YES;
				MARKETING_VERSION = 1.0;
				PRODUCT_BUNDLE_IDENTIFIER = "com.han.UCI-World-ChampionshipUITests";
				PRODUCT_NAME = "$(TARGET_NAME)";
				SWIFT_EMIT_LOC_STRINGS = NO;
				SWIFT_VERSION = 5.0;
				TARGETED_DEVICE_FAMILY = "1,2";
				TEST_TARGET_NAME = "UCI World Championship";
			};
			name = Debug;
		};
		2D9ECB4F2CAAC45C0048AD04 /* Release */ = {
			isa = XCBuildConfiguration;
			buildSettings = {
				CODE_SIGN_STYLE = Automatic;
				CURRENT_PROJECT_VERSION = 1;
				GENERATE_INFOPLIST_FILE = YES;
				MARKETING_VERSION = 1.0;
				PRODUCT_BUNDLE_IDENTIFIER = "com.han.UCI-World-ChampionshipUITests";
				PRODUCT_NAME = "$(TARGET_NAME)";
				SWIFT_EMIT_LOC_STRINGS = NO;
				SWIFT_VERSION = 5.0;
				TARGETED_DEVICE_FAMILY = "1,2";
				TEST_TARGET_NAME = "UCI World Championship";
			};
			name = Release;
		};
/* End XCBuildConfiguration section */

/* Begin XCConfigurationList section */
		2D9ECB1E2CAAC45B0048AD04 /* Build configuration list for PBXProject "UCI World Championship" */ = {
			isa = XCConfigurationList;
			buildConfigurations = (
				2D9ECB452CAAC45C0048AD04 /* Debug */,
				2D9ECB462CAAC45C0048AD04 /* Release */,
			);
			defaultConfigurationIsVisible = 0;
			defaultConfigurationName = Release;
		};
		2D9ECB472CAAC45C0048AD04 /* Build configuration list for PBXNativeTarget "UCI World Championship" */ = {
			isa = XCConfigurationList;
			buildConfigurations = (
				2D9ECB482CAAC45C0048AD04 /* Debug */,
				2D9ECB492CAAC45C0048AD04 /* Release */,
			);
			defaultConfigurationIsVisible = 0;
			defaultConfigurationName = Release;
		};
		2D9ECB4A2CAAC45C0048AD04 /* Build configuration list for PBXNativeTarget "UCI World ChampionshipTests" */ = {
			isa = XCConfigurationList;
			buildConfigurations = (
				2D9ECB4B2CAAC45C0048AD04 /* Debug */,
				2D9ECB4C2CAAC45C0048AD04 /* Release */,
			);
			defaultConfigurationIsVisible = 0;
			defaultConfigurationName = Release;
		};
		2D9ECB4D2CAAC45C0048AD04 /* Build configuration list for PBXNativeTarget "UCI World ChampionshipUITests" */ = {
			isa = XCConfigurationList;
			buildConfigurations = (
				2D9ECB4E2CAAC45C0048AD04 /* Debug */,
				2D9ECB4F2CAAC45C0048AD04 /* Release */,
			);
			defaultConfigurationIsVisible = 0;
			defaultConfigurationName = Release;
		};
/* End XCConfigurationList section */
	};
	rootObject = 2D9ECB1B2CAAC45B0048AD04 /* Project object */;
}
